// !$*UTF8*$!
{
	archiveVersion = 1;
	classes = {
	};
	objectVersion = 46;
	objects = {

/* Begin PBXBuildFile section */
		A2D5E2171E4883AD00F0577F /* AppDelegate.swift in Sources */ = {isa = PBXBuildFile; fileRef = A2D5E2161E4883AD00F0577F /* AppDelegate.swift */; };
		A2D5E2191E4883AD00F0577F /* ViewController.swift in Sources */ = {isa = PBXBuildFile; fileRef = A2D5E2181E4883AD00F0577F /* ViewController.swift */; };
		A2D5E21C1E4883AD00F0577F /* Main.storyboard in Resources */ = {isa = PBXBuildFile; fileRef = A2D5E21A1E4883AD00F0577F /* Main.storyboard */; };
		A2D5E21E1E4883AD00F0577F /* Assets.xcassets in Resources */ = {isa = PBXBuildFile; fileRef = A2D5E21D1E4883AD00F0577F /* Assets.xcassets */; };
		A2D5E2211E4883AD00F0577F /* LaunchScreen.storyboard in Resources */ = {isa = PBXBuildFile; fileRef = A2D5E21F1E4883AD00F0577F /* LaunchScreen.storyboard */; };
		A2D5E22C1E4883C100F0577F /* SSPopoverCell.swift in Sources */ = {isa = PBXBuildFile; fileRef = A2D5E2291E4883C100F0577F /* SSPopoverCell.swift */; };
		A2D5E22D1E4883C100F0577F /* SSPopoverStoryboard.storyboard in Resources */ = {isa = PBXBuildFile; fileRef = A2D5E22A1E4883C100F0577F /* SSPopoverStoryboard.storyboard */; };
		A2D5E22E1E4883C100F0577F /* SSPopoverTableController.swift in Sources */ = {isa = PBXBuildFile; fileRef = A2D5E22B1E4883C100F0577F /* SSPopoverTableController.swift */; };
/* End PBXBuildFile section */

/* Begin PBXFileReference section */
		A2D5E2131E4883AD00F0577F /* SSPopover.app */ = {isa = PBXFileReference; explicitFileType = wrapper.application; includeInIndex = 0; path = SSPopover.app; sourceTree = BUILT_PRODUCTS_DIR; };
		A2D5E2161E4883AD00F0577F /* AppDelegate.swift */ = {isa = PBXFileReference; lastKnownFileType = sourcecode.swift; path = AppDelegate.swift; sourceTree = "<group>"; };
		A2D5E2181E4883AD00F0577F /* ViewController.swift */ = {isa = PBXFileReference; lastKnownFileType = sourcecode.swift; path = ViewController.swift; sourceTree = "<group>"; };
		A2D5E21B1E4883AD00F0577F /* Base */ = {isa = PBXFileReference; lastKnownFileType = file.storyboard; name = Base; path = Base.lproj/Main.storyboard; sourceTree = "<group>"; };
		A2D5E21D1E4883AD00F0577F /* Assets.xcassets */ = {isa = PBXFileReference; lastKnownFileType = folder.assetcatalog; path = Assets.xcassets; sourceTree = "<group>"; };
		A2D5E2201E4883AD00F0577F /* Base */ = {isa = PBXFileReference; lastKnownFileType = file.storyboard; name = Base; path = Base.lproj/LaunchScreen.storyboard; sourceTree = "<group>"; };
		A2D5E2221E4883AD00F0577F /* Info.plist */ = {isa = PBXFileReference; lastKnownFileType = text.plist.xml; path = Info.plist; sourceTree = "<group>"; };
		A2D5E2291E4883C100F0577F /* SSPopoverCell.swift */ = {isa = PBXFileReference; fileEncoding = 4; lastKnownFileType = sourcecode.swift; path = SSPopoverCell.swift; sourceTree = "<group>"; };
		A2D5E22A1E4883C100F0577F /* SSPopoverStoryboard.storyboard */ = {isa = PBXFileReference; fileEncoding = 4; lastKnownFileType = file.storyboard; path = SSPopoverStoryboard.storyboard; sourceTree = "<group>"; };
		A2D5E22B1E4883C100F0577F /* SSPopoverTableController.swift */ = {isa = PBXFileReference; fileEncoding = 4; lastKnownFileType = sourcecode.swift; path = SSPopoverTableController.swift; sourceTree = "<group>"; };
/* End PBXFileReference section */

/* Begin PBXFrameworksBuildPhase section */
		A2D5E2101E4883AD00F0577F /* Frameworks */ = {
			isa = PBXFrameworksBuildPhase;
			buildActionMask = 2147483647;
			files = (
			);
			runOnlyForDeploymentPostprocessing = 0;
		};
/* End PBXFrameworksBuildPhase section */

/* Begin PBXGroup section */
		A2D5E20A1E4883AD00F0577F = {
			isa = PBXGroup;
			children = (
				A2D5E2151E4883AD00F0577F /* SSPopover */,
				A2D5E2141E4883AD00F0577F /* Products */,
			);
			sourceTree = "<group>";
		};
		A2D5E2141E4883AD00F0577F /* Products */ = {
			isa = PBXGroup;
			children = (
				A2D5E2131E4883AD00F0577F /* SSPopover.app */,
			);
			name = Products;
			sourceTree = "<group>";
		};
		A2D5E2151E4883AD00F0577F /* SSPopover */ = {
			isa = PBXGroup;
			children = (
				A2D5E2161E4883AD00F0577F /* AppDelegate.swift */,
				A2D5E2181E4883AD00F0577F /* ViewController.swift */,
				A2D5E21A1E4883AD00F0577F /* Main.storyboard */,
				A2D5E21D1E4883AD00F0577F /* Assets.xcassets */,
				A2D5E21F1E4883AD00F0577F /* LaunchScreen.storyboard */,
				A2D5E2221E4883AD00F0577F /* Info.plist */,
				A2D5E2281E4883C100F0577F /* SSPopoverView */,
			);
			path = SSPopover;
			sourceTree = "<group>";
		};
		A2D5E2281E4883C100F0577F /* SSPopoverView */ = {
			isa = PBXGroup;
			children = (
				A2D5E2291E4883C100F0577F /* SSPopoverCell.swift */,
				A2D5E22A1E4883C100F0577F /* SSPopoverStoryboard.storyboard */,
				A2D5E22B1E4883C100F0577F /* SSPopoverTableController.swift */,
			);
			name = SSPopoverView;
			path = PopoverTable;
			sourceTree = "<group>";
		};
/* End PBXGroup section */

/* Begin PBXNativeTarget section */
		A2D5E2121E4883AD00F0577F /* SSPopover */ = {
			isa = PBXNativeTarget;
			buildConfigurationList = A2D5E2251E4883AD00F0577F /* Build configuration list for PBXNativeTarget "SSPopover" */;
			buildPhases = (
				A2D5E20F1E4883AD00F0577F /* Sources */,
				A2D5E2101E4883AD00F0577F /* Frameworks */,
				A2D5E2111E4883AD00F0577F /* Resources */,
			);
			buildRules = (
			);
			dependencies = (
			);
			name = SSPopover;
			productName = SSPopover;
			productReference = A2D5E2131E4883AD00F0577F /* SSPopover.app */;
			productType = "com.apple.product-type.application";
		};
/* End PBXNativeTarget section */

/* Begin PBXProject section */
		A2D5E20B1E4883AD00F0577F /* Project object */ = {
			isa = PBXProject;
			attributes = {
				LastSwiftUpdateCheck = 0810;
				LastUpgradeCheck = 0910;
				TargetAttributes = {
					A2D5E2121E4883AD00F0577F = {
						CreatedOnToolsVersion = 8.1;
						ProvisioningStyle = Automatic;
					};
				};
			};
			buildConfigurationList = A2D5E20E1E4883AD00F0577F /* Build configuration list for PBXProject "SSPopover" */;
			compatibilityVersion = "Xcode 3.2";
			developmentRegion = English;
			hasScannedForEncodings = 0;
			knownRegions = (
				en,
				Base,
			);
			mainGroup = A2D5E20A1E4883AD00F0577F;
			productRefGroup = A2D5E2141E4883AD00F0577F /* Products */;
			projectDirPath = "";
			projectRoot = "";
			targets = (
				A2D5E2121E4883AD00F0577F /* SSPopover */,
			);
		};
/* End PBXProject section */

/* Begin PBXResourcesBuildPhase section */
		A2D5E2111E4883AD00F0577F /* Resources */ = {
			isa = PBXResourcesBuildPhase;
			buildActionMask = 2147483647;
			files = (
				A2D5E2211E4883AD00F0577F /* LaunchScreen.storyboard in Resources */,
				A2D5E21E1E4883AD00F0577F /* Assets.xcassets in Resources */,
				A2D5E21C1E4883AD00F0577F /* Main.storyboard in Resources */,
				A2D5E22D1E4883C100F0577F /* SSPopoverStoryboard.storyboard in Resources */,
			);
			runOnlyForDeploymentPostprocessing = 0;
		};
/* End PBXResourcesBuildPhase section */

/* Begin PBXSourcesBuildPhase section */
		A2D5E20F1E4883AD00F0577F /* Sources */ = {
			isa = PBXSourcesBuildPhase;
			buildActionMask = 2147483647;
			files = (
				A2D5E2191E4883AD00F0577F /* ViewController.swift in Sources */,
				A2D5E2171E4883AD00F0577F /* AppDelegate.swift in Sources */,
				A2D5E22E1E4883C100F0577F /* SSPopoverTableController.swift in Sources */,
				A2D5E22C1E4883C100F0577F /* SSPopoverCell.swift in Sources */,
			);
			runOnlyForDeploymentPostprocessing = 0;
		};
/* End PBXSourcesBuildPhase section */

/* Begin PBXVariantGroup section */
		A2D5E21A1E4883AD00F0577F /* Main.storyboard */ = {
			isa = PBXVariantGroup;
			children = (
				A2D5E21B1E4883AD00F0577F /* Base */,
			);
			name = Main.storyboard;
			sourceTree = "<group>";
		};
		A2D5E21F1E4883AD00F0577F /* LaunchScreen.storyboard */ = {
			isa = PBXVariantGroup;
			children = (
				A2D5E2201E4883AD00F0577F /* Base */,
			);
			name = LaunchScreen.storyboard;
			sourceTree = "<group>";
		};
/* End PBXVariantGroup section */

/* Begin XCBuildConfiguration section */
		A2D5E2231E4883AD00F0577F /* Debug */ = {
			isa = XCBuildConfiguration;
			buildSettings = {
				ALWAYS_SEARCH_USER_PATHS = NO;
				CLANG_ANALYZER_NONNULL = YES;
				CLANG_CXX_LANGUAGE_STANDARD = "gnu++0x";
				CLANG_CXX_LIBRARY = "libc++";
				CLANG_ENABLE_MODULES = YES;
				CLANG_ENABLE_OBJC_ARC = YES;
				CLANG_WARN_BLOCK_CAPTURE_AUTORELEASING = YES;
				CLANG_WARN_BOOL_CONVERSION = YES;
				CLANG_WARN_COMMA = YES;
				CLANG_WARN_CONSTANT_CONVERSION = YES;
				CLANG_WARN_DIRECT_OBJC_ISA_USAGE = YES_ERROR;
				CLANG_WARN_DOCUMENTATION_COMMENTS = YES;
				CLANG_WARN_EMPTY_BODY = YES;
				CLANG_WARN_ENUM_CONVERSION = YES;
				CLANG_WARN_INFINITE_RECURSION = YES;
				CLANG_WARN_INT_CONVERSION = YES;
				CLANG_WARN_NON_LITERAL_NULL_CONVERSION = YES;
				CLANG_WARN_OBJC_LITERAL_CONVERSION = YES;
				CLANG_WARN_OBJC_ROOT_CLASS = YES_ERROR;
				CLANG_WARN_RANGE_LOOP_ANALYSIS = YES;
				CLANG_WARN_STRICT_PROTOTYPES = YES;
				CLANG_WARN_SUSPICIOUS_MOVE = YES;
				CLANG_WARN_SUSPICIOUS_MOVES = YES;
				CLANG_WARN_UNREACHABLE_CODE = YES;
				CLANG_WARN__DUPLICATE_METHOD_MATCH = YES;
				"CODE_SIGN_IDENTITY[sdk=iphoneos*]" = "iPhone Developer";
				COPY_PHASE_STRIP = NO;
				DEBUG_INFORMATION_FORMAT = dwarf;
				ENABLE_STRICT_OBJC_MSGSEND = YES;
				ENABLE_TESTABILITY = YES;
				GCC_C_LANGUAGE_STANDARD = gnu99;
				GCC_DYNAMIC_NO_PIC = NO;
				GCC_NO_COMMON_BLOCKS = YES;
				GCC_OPTIMIZATION_LEVEL = 0;
				GCC_PREPROCESSOR_DEFINITIONS = (
					"DEBUG=1",
					"$(inherited)",
				);
				GCC_WARN_64_TO_32_BIT_CONVERSION = YES;
				GCC_WARN_ABOUT_RETURN_TYPE = YES_ERROR;
				GCC_WARN_UNDECLARED_SELECTOR = YES;
				GCC_WARN_UNINITIALIZED_AUTOS = YES_AGGRESSIVE;
				GCC_WARN_UNUSED_FUNCTION = YES;
				GCC_WARN_UNUSED_VARIABLE = YES;
				IPHONEOS_DEPLOYMENT_TARGET = 10.1;
				MTL_ENABLE_DEBUG_INFO = YES;
				ONLY_ACTIVE_ARCH = YES;
				SDKROOT = iphoneos;
				SWIFT_ACTIVE_COMPILATION_CONDITIONS = DEBUG;
				SWIFT_OPTIMIZATION_LEVEL = "-Onone";
				TARGETED_DEVICE_FAMILY = "1,2";
			};
			name = Debug;
		};
		A2D5E2241E4883AD00F0577F /* Release */ = {
			isa = XCBuildConfiguration;
			buildSettings = {
				ALWAYS_SEARCH_USER_PATHS = NO;
				CLANG_ANALYZER_NONNULL = YES;
				CLANG_CXX_LANGUAGE_STANDARD = "gnu++0x";
				CLANG_CXX_LIBRARY = "libc++";
				CLANG_ENABLE_MODULES = YES;
				CLANG_ENABLE_OBJC_ARC = YES;
				CLANG_WARN_BLOCK_CAPTURE_AUTORELEASING = YES;
				CLANG_WARN_BOOL_CONVERSION = YES;
				CLANG_WARN_COMMA = YES;
				CLANG_WARN_CONSTANT_CONVERSION = YES;
				CLANG_WARN_DIRECT_OBJC_ISA_USAGE = YES_ERROR;
				CLANG_WARN_DOCUMENTATION_COMMENTS = YES;
				CLANG_WARN_EMPTY_BODY = YES;
				CLANG_WARN_ENUM_CONVERSION = YES;
				CLANG_WARN_INFINITE_RECURSION = YES;
				CLANG_WARN_INT_CONVERSION = YES;
				CLANG_WARN_NON_LITERAL_NULL_CONVERSION = YES;
				CLANG_WARN_OBJC_LITERAL_CONVERSION = YES;
				CLANG_WARN_OBJC_ROOT_CLASS = YES_ERROR;
				CLANG_WARN_RANGE_LOOP_ANALYSIS = YES;
				CLANG_WARN_STRICT_PROTOTYPES = YES;
				CLANG_WARN_SUSPICIOUS_MOVE = YES;
				CLANG_WARN_SUSPICIOUS_MOVES = YES;
				CLANG_WARN_UNREACHABLE_CODE = YES;
				CLANG_WARN__DUPLICATE_METHOD_MATCH = YES;
				"CODE_SIGN_IDENTITY[sdk=iphoneos*]" = "iPhone Developer";
				COPY_PHASE_STRIP = NO;
				DEBUG_INFORMATION_FORMAT = "dwarf-with-dsym";
				ENABLE_NS_ASSERTIONS = NO;
				ENABLE_STRICT_OBJC_MSGSEND = YES;
				GCC_C_LANGUAGE_STANDARD = gnu99;
				GCC_NO_COMMON_BLOCKS = YES;
				GCC_WARN_64_TO_32_BIT_CONVERSION = YES;
				GCC_WARN_ABOUT_RETURN_TYPE = YES_ERROR;
				GCC_WARN_UNDECLARED_SELECTOR = YES;
				GCC_WARN_UNINITIALIZED_AUTOS = YES_AGGRESSIVE;
				GCC_WARN_UNUSED_FUNCTION = YES;
				GCC_WARN_UNUSED_VARIABLE = YES;
				IPHONEOS_DEPLOYMENT_TARGET = 10.1;
				MTL_ENABLE_DEBUG_INFO = NO;
				SDKROOT = iphoneos;
				SWIFT_OPTIMIZATION_LEVEL = "-Owholemodule";
				TARGETED_DEVICE_FAMILY = "1,2";
				VALIDATE_PRODUCT = YES;
			};
			name = Release;
		};
		A2D5E2261E4883AD00F0577F /* Debug */ = {
			isa = XCBuildConfiguration;
			buildSettings = {
				ASSETCATALOG_COMPILER_APPICON_NAME = AppIcon;
				DEVELOPMENT_TEAM = "";
				INFOPLIST_FILE = SSPopover/Info.plist;
				LD_RUNPATH_SEARCH_PATHS = "$(inherited) @executable_path/Frameworks";
				PRODUCT_BUNDLE_IDENTIFIER = com.sulabhtest.SSPopover;
				PRODUCT_NAME = "$(TARGET_NAME)";
				SWIFT_VERSION = 3.0;
			};
			name = Debug;
		};
		A2D5E2271E4883AD00F0577F /* Release */ = {
			isa = XCBuildConfiguration;
			buildSettings = {
				ASSETCATALOG_COMPILER_APPICON_NAME = AppIcon;
				DEVELOPMENT_TEAM = "";
				INFOPLIST_FILE = SSPopover/Info.plist;
				LD_RUNPATH_SEARCH_PATHS = "$(inherited) @executable_path/Frameworks";
				PRODUCT_BUNDLE_IDENTIFIER = com.sulabhtest.SSPopover;
				PRODUCT_NAME = "$(TARGET_NAME)";
				SWIFT_VERSION = 3.0;
			};
			name = Release;
		};
/* End XCBuildConfiguration section */

/* Begin XCConfigurationList section */
		A2D5E20E1E4883AD00F0577F /* Build configuration list for PBXProject "SSPopover" */ = {
			isa = XCConfigurationList;
			buildConfigurations = (
				A2D5E2231E4883AD00F0577F /* Debug */,
				A2D5E2241E4883AD00F0577F /* Release */,
			);
			defaultConfigurationIsVisible = 0;
			defaultConfigurationName = Release;
		};
		A2D5E2251E4883AD00F0577F /* Build configuration list for PBXNativeTarget "SSPopover" */ = {
			isa = XCConfigurationList;
			buildConfigurations = (
				A2D5E2261E4883AD00F0577F /* Debug */,
				A2D5E2271E4883AD00F0577F /* Release */,
			);
			defaultConfigurationIsVisible = 0;
			defaultConfigurationName = Release;
		};
/* End XCConfigurationList section */
	};
	rootObject = A2D5E20B1E4883AD00F0577F /* Project object */;
}
